
Microsoft Visual Studio Solution File, Format Version 12.00
# Visual Studio Version 17
VisualStudioVersion = 17.11.35303.130
MinimumVisualStudioVersion = 10.0.40219.1
Project("{FAE04EC0-301F-11D3-BF4B-00C04F79EFBC}") = "AuthServiceSGC.API", "AuthServiceSGC.API\AuthServiceSGC.API.csproj", "{93F6A4E1-EB74-4ADB-96D5-32BDAA0F7FF1}"
EndProject
Project("{FAE04EC0-301F-11D3-BF4B-00C04F79EFBC}") = "AuthServiceSGC.Application", "AuthServiceSGC.Application\AuthServiceSGC.Application.csproj", "{989FAE37-E1E2-4F47-82ED-E2419F2F0F3C}"
EndProject
Project("{FAE04EC0-301F-11D3-BF4B-00C04F79EFBC}") = "AuthServiceSGC.Infrastructure", "AuthServiceSGC.Infrastructure\AuthServiceSGC.Infrastructure.csproj", "{22928A06-BB9A-4BB2-B55D-638741556529}"
EndProject
Project("{FAE04EC0-301F-11D3-BF4B-00C04F79EFBC}") = "AuthServiceSGC.Domain", "AuthServiceSGC.Domain\AuthServiceSGC.Domain.csproj", "{89AE4582-2A07-45CD-B179-D614A6BCD888}"
EndProject
Project("{FAE04EC0-301F-11D3-BF4B-00C04F79EFBC}") = "AuthServiceSGC.Tests", "AuthServiceSGC.Tests\AuthServiceSGC.Tests.csproj", "{288F9690-2930-4C02-A82A-7ACCFF8C1C31}"
EndProject
Global
	GlobalSection(SolutionConfigurationPlatforms) = preSolution
		Debug|Any CPU = Debug|Any CPU
		Release|Any CPU = Release|Any CPU
	EndGlobalSection
	GlobalSection(ProjectConfigurationPlatforms) = postSolution
		{93F6A4E1-EB74-4ADB-96D5-32BDAA0F7FF1}.Debug|Any CPU.ActiveCfg = Debug|Any CPU
		{93F6A4E1-EB74-4ADB-96D5-32BDAA0F7FF1}.Debug|Any CPU.Build.0 = Debug|Any CPU
		{93F6A4E1-EB74-4ADB-96D5-32BDAA0F7FF1}.Release|Any CPU.ActiveCfg = Release|Any CPU
		{93F6A4E1-EB74-4ADB-96D5-32BDAA0F7FF1}.Release|Any CPU.Build.0 = Release|Any CPU
		{989FAE37-E1E2-4F47-82ED-E2419F2F0F3C}.Debug|Any CPU.ActiveCfg = Debug|Any CPU
		{989FAE37-E1E2-4F47-82ED-E2419F2F0F3C}.Debug|Any CPU.Build.0 = Debug|Any CPU
		{989FAE37-E1E2-4F47-82ED-E2419F2F0F3C}.Release|Any CPU.ActiveCfg = Release|Any CPU
		{989FAE37-E1E2-4F47-82ED-E2419F2F0F3C}.Release|Any CPU.Build.0 = Release|Any CPU
		{22928A06-BB9A-4BB2-B55D-638741556529}.Debug|Any CPU.ActiveCfg = Debug|Any CPU
		{22928A06-BB9A-4BB2-B55D-638741556529}.Debug|Any CPU.Build.0 = Debug|Any CPU
		{22928A06-BB9A-4BB2-B55D-638741556529}.Release|Any CPU.ActiveCfg = Release|Any CPU
		{22928A06-BB9A-4BB2-B55D-638741556529}.Release|Any CPU.Build.0 = Release|Any CPU
		{89AE4582-2A07-45CD-B179-D614A6BCD888}.Debug|Any CPU.ActiveCfg = Debug|Any CPU
		{89AE4582-2A07-45CD-B179-D614A6BCD888}.Debug|Any CPU.Build.0 = Debug|Any CPU
		{89AE4582-2A07-45CD-B179-D614A6BCD888}.Release|Any CPU.ActiveCfg = Release|Any CPU
		{89AE4582-2A07-45CD-B179-D614A6BCD888}.Release|Any CPU.Build.0 = Release|Any CPU
		{288F9690-2930-4C02-A82A-7ACCFF8C1C31}.Debug|Any CPU.ActiveCfg = Debug|Any CPU
		{288F9690-2930-4C02-A82A-7ACCFF8C1C31}.Debug|Any CPU.Build.0 = Debug|Any CPU
		{288F9690-2930-4C02-A82A-7ACCFF8C1C31}.Release|Any CPU.ActiveCfg = Release|Any CPU
		{288F9690-2930-4C02-A82A-7ACCFF8C1C31}.Release|Any CPU.Build.0 = Release|Any CPU
	EndGlobalSection
	GlobalSection(SolutionProperties) = preSolution
		HideSolutionNode = FALSE
	EndGlobalSection
	GlobalSection(ExtensibilityGlobals) = postSolution
		SolutionGuid = {113E2934-1250-4A17-903D-7B2BFC83092C}
	EndGlobalSection
EndGlobal
